{
    "_readme": [
        "This file locks the dependencies of your project to a known state",
        "Read more about it at https://getcomposer.org/doc/01-basic-usage.md#composer-lock-the-lock-file",
        "This file is @generated automatically"
    ],
    "hash": "fc164f4537c7ee689d42f0d8574b6108",
    "packages": [
        {
            "name": "gedcomx/gedcomx-php",
            "version": "v2.0.1",
            "source": {
                "type": "git",
                "url": "https://github.com/FamilySearch/gedcomx-php.git",
                "reference": "642b9b2e8e57a56317975439bbb8f3fc9482085e"
            },
            "dist": {
                "type": "zip",
                "url": "https://api.github.com/repos/FamilySearch/gedcomx-php/zipball/642b9b2e8e57a56317975439bbb8f3fc9482085e",
                "reference": "642b9b2e8e57a56317975439bbb8f3fc9482085e",
                "shasum": ""
            },
            "require": {
                "guzzlehttp/guzzle": "dev-master",
                "ml/json-ld": "1.*",
                "php": ">=5.3",
                "psr/log": "^1.0"
            },
            "require-dev": {
                "fzaninotto/faker": "1.4.*",
                "intervention/image": "2.0.*",
                "monolog/monolog": "^1.15",
                "php-vcr/php-vcr": "dev-master",
                "php-vcr/phpunit-testlistener-vcr": "^1.1",
                "phpunit/phpunit": "3.7.*",
                "satooshi/php-coveralls": "dev-master"
            },
            "type": "library",
            "autoload": {
                "psr-4": {
                    "Gedcomx\\": "src/"
                }
            },
            "notification-url": "https://packagist.org/downloads/",
            "license": [
                "Apache-2.0"
            ],
            "authors": [
                {
                    "name": "FamilySearch",
                    "homepage": "https://familysearch.org"
                }
            ],
            "description": "PHP libraries for GEDCOM X.",
            "homepage": "https://github.com/FamilySearch/gedcomx-php",
            "keywords": [
                "familysearch",
                "gedcomx",
                "genealogy",
                "sdk"
            ],
            "time": "2015-09-03 15:55:29"
        },
        {
            "name": "guzzlehttp/guzzle",
            "version": "dev-master",
            "source": {
                "type": "git",
                "url": "https://github.com/guzzle/guzzle.git",
                "reference": "33af93ab4b5e76df7a4c774910590f814a3e576c"
            },
            "dist": {
                "type": "zip",
                "url": "https://api.github.com/repos/guzzle/guzzle/zipball/33af93ab4b5e76df7a4c774910590f814a3e576c",
                "reference": "33af93ab4b5e76df7a4c774910590f814a3e576c",
                "shasum": ""
            },
            "require": {
                "guzzlehttp/promises": "~1.0",
                "guzzlehttp/psr7": "~1.1",
                "php": ">=5.5.0"
            },
            "require-dev": {
                "ext-curl": "*",
                "phpunit/phpunit": "~4.0",
                "psr/log": "~1.0"
            },
            "type": "library",
            "extra": {
                "branch-alias": {
                    "dev-master": "6.0-dev"
                }
            },
            "autoload": {
                "files": [
                    "src/functions_include.php"
                ],
                "psr-4": {
                    "GuzzleHttp\\": "src/"
                }
            },
            "notification-url": "https://packagist.org/downloads/",
            "license": [
                "MIT"
            ],
            "authors": [
                {
                    "name": "Michael Dowling",
                    "email": "mtdowling@gmail.com",
                    "homepage": "https://github.com/mtdowling"
                }
            ],
            "description": "Guzzle is a PHP HTTP client library",
            "homepage": "http://guzzlephp.org/",
            "keywords": [
                "client",
                "curl",
                "framework",
                "http",
                "http client",
                "rest",
                "web service"
            ],
            "time": "2015-09-01 23:14:13"
        },
        {
            "name": "guzzlehttp/promises",
            "version": "dev-master",
            "source": {
                "type": "git",
                "url": "https://github.com/guzzle/promises.git",
                "reference": "97fe7210def29451ec74923b27e552238defd75a"
            },
            "dist": {
                "type": "zip",
                "url": "https://api.github.com/repos/guzzle/promises/zipball/97fe7210def29451ec74923b27e552238defd75a",
                "reference": "97fe7210def29451ec74923b27e552238defd75a",
                "shasum": ""
            },
            "require": {
                "php": ">=5.5.0"
            },
            "require-dev": {
                "phpunit/phpunit": "~4.0"
            },
            "type": "library",
            "extra": {
                "branch-alias": {
                    "dev-master": "1.0-dev"
                }
            },
            "autoload": {
                "psr-4": {
                    "GuzzleHttp\\Promise\\": "src/"
                },
                "files": [
                    "src/functions_include.php"
                ]
            },
            "notification-url": "https://packagist.org/downloads/",
            "license": [
                "MIT"
            ],
            "authors": [
                {
                    "name": "Michael Dowling",
                    "email": "mtdowling@gmail.com",
                    "homepage": "https://github.com/mtdowling"
                }
            ],
            "description": "Guzzle promises library",
            "keywords": [
                "promise"
            ],
            "time": "2015-08-15 19:37:21"
        },
        {
            "name": "guzzlehttp/psr7",
            "version": "1.2.0",
            "source": {
                "type": "git",
                "url": "https://github.com/guzzle/psr7.git",
                "reference": "4ef919b0cf3b1989523138b60163bbcb7ba1ff7e"
            },
            "dist": {
                "type": "zip",
                "url": "https://api.github.com/repos/guzzle/psr7/zipball/4ef919b0cf3b1989523138b60163bbcb7ba1ff7e",
                "reference": "4ef919b0cf3b1989523138b60163bbcb7ba1ff7e",
                "shasum": ""
            },
            "require": {
                "php": ">=5.4.0",
                "psr/http-message": "~1.0"
            },
            "provide": {
                "psr/http-message-implementation": "1.0"
            },
            "require-dev": {
                "phpunit/phpunit": "~4.0"
            },
            "type": "library",
            "extra": {
                "branch-alias": {
                    "dev-master": "1.0-dev"
                }
            },
            "autoload": {
                "psr-4": {
                    "GuzzleHttp\\Psr7\\": "src/"
                },
                "files": [
                    "src/functions_include.php"
                ]
            },
            "notification-url": "https://packagist.org/downloads/",
            "license": [
                "MIT"
            ],
            "authors": [
                {
                    "name": "Michael Dowling",
                    "email": "mtdowling@gmail.com",
                    "homepage": "https://github.com/mtdowling"
                }
            ],
            "description": "PSR-7 message implementation",
            "keywords": [
                "http",
                "message",
                "stream",
                "uri"
            ],
            "time": "2015-08-15 19:32:36"
        },
        {
            "name": "ml/iri",
            "version": "dev-master",
            "target-dir": "ML/IRI",
            "source": {
                "type": "git",
                "url": "https://github.com/lanthaler/IRI.git",
                "reference": "f89457acd55e8c1d7d3bfbab554180d5e8c40467"
            },
            "dist": {
                "type": "zip",
                "url": "https://api.github.com/repos/lanthaler/IRI/zipball/f89457acd55e8c1d7d3bfbab554180d5e8c40467",
                "reference": "f89457acd55e8c1d7d3bfbab554180d5e8c40467",
                "shasum": ""
            },
            "require": {
                "lib-pcre": ">=4.0",
                "php": ">=5.3.0"
            },
            "type": "library",
            "autoload": {
                "psr-0": {
                    "ML\\IRI": ""
                }
            },
            "notification-url": "https://packagist.org/downloads/",
            "license": [
                "MIT"
            ],
            "authors": [
                {
                    "name": "Markus Lanthaler",
                    "email": "mail@markus-lanthaler.com",
                    "homepage": "http://www.markus-lanthaler.com",
                    "role": "Developer"
                }
            ],
            "description": "IRI handling for PHP",
            "homepage": "http://www.markus-lanthaler.com",
            "keywords": [
                "URN",
                "iri",
                "uri",
                "url"
            ],
            "time": "2014-09-14 13:21:27"
        },
        {
            "name": "ml/json-ld",
            "version": "1.0.3",
            "target-dir": "ML/JsonLD",
            "source": {
                "type": "git",
                "url": "https://github.com/lanthaler/JsonLD.git",
                "reference": "10a03f7dec0f4a7db6b2e6e6230cdfb7cce562a2"
            },
            "dist": {
                "type": "zip",
                "url": "https://api.github.com/repos/lanthaler/JsonLD/zipball/10a03f7dec0f4a7db6b2e6e6230cdfb7cce562a2",
                "reference": "10a03f7dec0f4a7db6b2e6e6230cdfb7cce562a2",
                "shasum": ""
            },
            "require": {
                "ext-json": "*",
                "ml/iri": ">=1.1.1",
                "php": ">=5.3.0"
            },
            "require-dev": {
                "json-ld/tests": "@dev"
            },
            "type": "library",
            "autoload": {
                "psr-0": {
                    "ML\\JsonLD": ""
                }
            },
            "notification-url": "https://packagist.org/downloads/",
            "license": [
                "MIT"
            ],
            "authors": [
                {
                    "name": "Markus Lanthaler",
                    "email": "mail@markus-lanthaler.com",
                    "homepage": "http://www.markus-lanthaler.com",
                    "role": "Developer"
                }
            ],
            "description": "JSON-LD Processor for PHP",
            "homepage": "http://www.markus-lanthaler.com",
            "keywords": [
                "JSON-LD",
                "jsonld"
            ],
            "time": "2014-09-15 10:41:19"
        },
        {
            "name": "psr/http-message",
            "version": "dev-master",
            "source": {
                "type": "git",
                "url": "https://github.com/php-fig/http-message.git",
                "reference": "85d63699f0dbedb190bbd4b0d2b9dc707ea4c298"
            },
            "dist": {
                "type": "zip",
                "url": "https://api.github.com/repos/php-fig/http-message/zipball/85d63699f0dbedb190bbd4b0d2b9dc707ea4c298",
                "reference": "85d63699f0dbedb190bbd4b0d2b9dc707ea4c298",
                "shasum": ""
            },
            "require": {
                "php": ">=5.3.0"
            },
            "type": "library",
            "extra": {
                "branch-alias": {
                    "dev-master": "1.0.x-dev"
                }
            },
            "autoload": {
                "psr-4": {
                    "Psr\\Http\\Message\\": "src/"
                }
            },
            "notification-url": "https://packagist.org/downloads/",
            "license": [
                "MIT"
            ],
            "authors": [
                {
                    "name": "PHP-FIG",
                    "homepage": "http://www.php-fig.org/"
                }
            ],
            "description": "Common interface for HTTP messages",
            "keywords": [
                "http",
                "http-message",
                "psr",
                "psr-7",
                "request",
                "response"
            ],
            "time": "2015-05-04 20:22:00"
        },
        {
            "name": "psr/log",
            "version": "dev-master",
            "source": {
                "type": "git",
                "url": "https://github.com/php-fig/log.git",
                "reference": "9e45edca52cc9c954680072c93e621f8b71fab26"
            },
            "dist": {
                "type": "zip",
                "url": "https://api.github.com/repos/php-fig/log/zipball/9e45edca52cc9c954680072c93e621f8b71fab26",
                "reference": "9e45edca52cc9c954680072c93e621f8b71fab26",
                "shasum": ""
            },
            "require": {
                "php": ">=5.3.0"
            },
            "type": "library",
            "extra": {
                "branch-alias": {
                    "dev-master": "1.0.x-dev"
                }
            },
            "autoload": {
                "psr-4": {
                    "Psr\\Log\\": "Psr/Log/"
                }
            },
            "notification-url": "https://packagist.org/downloads/",
            "license": [
                "MIT"
            ],
            "authors": [
                {
                    "name": "PHP-FIG",
                    "homepage": "http://www.php-fig.org/"
                }
            ],
            "description": "Common interface for logging libraries",
            "keywords": [
                "log",
                "psr",
                "psr-3"
            ],
            "time": "2015-06-02 13:48:41"
        }
    ],
    "packages-dev": [],
    "aliases": [],
    "minimum-stability": "dev",
    "stability-flags": [],
    "prefer-stable": false,
    "prefer-lowest": false,
    "platform": [],
    "platform-dev": []
}
